
Microsoft Visual Studio Solution File, Format Version 12.00
# Visual Studio Version 16
VisualStudioVersion = 16.0.30523.141
MinimumVisualStudioVersion = 10.0.40219.1
Project("{FAE04EC0-301F-11D3-BF4B-00C04F79EFBC}") = "InputOutput", "InputOutput\InputOutput.csproj", "{DEBD528C-1DD1-46D4-800E-FDF0C752F62E}"
EndProject
Project("{FAE04EC0-301F-11D3-BF4B-00C04F79EFBC}") = "Task2", "Task2\Task2.csproj", "{5FCBE28E-BD42-41EE-AB88-B89E9B95764B}"
EndProject
Global
	GlobalSection(SolutionConfigurationPlatforms) = preSolution
		Debug|Any CPU = Debug|Any CPU
		Release|Any CPU = Release|Any CPU
	EndGlobalSection
	GlobalSection(ProjectConfigurationPlatforms) = postSolution
		{DEBD528C-1DD1-46D4-800E-FDF0C752F62E}.Debug|Any CPU.ActiveCfg = Debug|Any CPU
		{DEBD528C-1DD1-46D4-800E-FDF0C752F62E}.Debug|Any CPU.Build.0 = Debug|Any CPU
		{DEBD528C-1DD1-46D4-800E-FDF0C752F62E}.Release|Any CPU.ActiveCfg = Release|Any CPU
		{DEBD528C-1DD1-46D4-800E-FDF0C752F62E}.Release|Any CPU.Build.0 = Release|Any CPU
		{5FCBE28E-BD42-41EE-AB88-B89E9B95764B}.Debug|Any CPU.ActiveCfg = Debug|Any CPU
		{5FCBE28E-BD42-41EE-AB88-B89E9B95764B}.Debug|Any CPU.Build.0 = Debug|Any CPU
		{5FCBE28E-BD42-41EE-AB88-B89E9B95764B}.Release|Any CPU.ActiveCfg = Release|Any CPU
		{5FCBE28E-BD42-41EE-AB88-B89E9B95764B}.Release|Any CPU.Build.0 = Release|Any CPU
	EndGlobalSection
	GlobalSection(SolutionProperties) = preSolution
		HideSolutionNode = FALSE
	EndGlobalSection
	GlobalSection(ExtensibilityGlobals) = postSolution
		SolutionGuid = {75B4F7BE-9EC4-42DE-816C-B5300C937552}
	EndGlobalSection
EndGlobal
